# This file is automatically @generated by Cargo.
# It is not intended for manual editing.
version = 4

[[package]]
name = "bang_core"
version = "0.1.0"

[[package]]
name = "bang_rt_common"
version = "0.1.0"
dependencies = [
 "bang_core",
 "test_normal_dylib",
 "test_panic_dylib",
]

[[package]]
name = "bang_rt_macos"
version = "0.1.0"
dependencies = [
 "bang_core",
 "bang_rt_common",
]

[[package]]
name = "bang_rt_tui"
version = "0.1.0"
dependencies = [
 "bang_core",
 "bang_rt_common",
]

[[package]]
name = "demo_dist"
version = "0.1.0"
dependencies = [
 "bang_rt_common",
 "bang_rt_macos",
 "demo_impl",
]

[[package]]
name = "demo_impl"
version = "0.1.0"
dependencies = [
 "bang_core",
]

[[package]]
name = "test_normal_dylib"
version = "0.1.0"
dependencies = [
 "bang_core",
]

[[package]]
name = "test_panic_dylib"
version = "0.1.0"
dependencies = [
 "bang_core",
]

[[package]]
name = "test_symbol_missing_dylib"
version = "0.1.0"
dependencies = [
 "bang_core",
]
