# This file is automatically @generated by Cargo.
# It is not intended for manual editing.
version = 4

[[package]]
name = "bang_core"
version = "0.1.0"

[[package]]
name = "bang_rt"
version = "0.1.0"
dependencies = [
 "bang_core",
]

[[package]]
name = "demo"
version = "0.1.0"
dependencies = [
 "bang_core",
]
